PODS:
  - ALSLayouts (0.2.7)
  - UITableView+FDTemplateLayoutCell (1.5.beta)

DEPENDENCIES:
  - ALSLayouts (from `../`)
  - UITableView+FDTemplateLayoutCell (~> 1.5.beta)

EXTERNAL SOURCES:
  ALSLayouts:
    :path: "../"

SPEC CHECKSUMS:
  ALSLayouts: dd439f7ad0ea10c92ff0d134ce9c3c7ba6b74c5c
  UITableView+FDTemplateLayoutCell: 02b508ab1cb4cea16a8c17ac83d2cd1fd72124f9

PODFILE CHECKSUM: e7bf8aca34f8cbdfb8700b48da3a614248c5117c

COCOAPODS: 1.1.0.rc.1
