PODS:
  - ALSLayouts (0.2.6)
  - UITableView+FDTemplateLayoutCell (1.5.beta)

DEPENDENCIES:
  - ALSLayouts (from `../`)
  - UITableView+FDTemplateLayoutCell (~> 1.5.beta)

EXTERNAL SOURCES:
  ALSLayouts:
    :path: ../

SPEC CHECKSUMS:
  ALSLayouts: fc0a18f56d5645511ec4e9afddf260d80b927832
  UITableView+FDTemplateLayoutCell: 02b508ab1cb4cea16a8c17ac83d2cd1fd72124f9

PODFILE CHECKSUM: e7bf8aca34f8cbdfb8700b48da3a614248c5117c

COCOAPODS: 1.1.0.beta.2
